
Microsoft Visual Studio Solution File, Format Version 12.00
# Visual Studio Version 16
VisualStudioVersion = 16.0.30104.148
MinimumVisualStudioVersion = 10.0.40219.1
Project("{FAE04EC0-301F-11D3-BF4B-00C04F79EFBC}") = "Sebestean_Balazs_Attila_Lab5", "Sebestean_Balazs_Attila_Lab5.csproj", "{44B3BEDB-EAAF-435C-AE63-6523749A9CCC}"
EndProject
Project("{FAE04EC0-301F-11D3-BF4B-00C04F79EFBC}") = "AutoLotModel", "..\AutoLotModel\AutoLotModel.csproj", "{8B03C509-F324-4BB0-9CD3-C672EFA7494D}"
EndProject
Global
	GlobalSection(SolutionConfigurationPlatforms) = preSolution
		Debug|Any CPU = Debug|Any CPU
		Release|Any CPU = Release|Any CPU
	EndGlobalSection
	GlobalSection(ProjectConfigurationPlatforms) = postSolution
		{44B3BEDB-EAAF-435C-AE63-6523749A9CCC}.Debug|Any CPU.ActiveCfg = Debug|Any CPU
		{44B3BEDB-EAAF-435C-AE63-6523749A9CCC}.Debug|Any CPU.Build.0 = Debug|Any CPU
		{44B3BEDB-EAAF-435C-AE63-6523749A9CCC}.Release|Any CPU.ActiveCfg = Release|Any CPU
		{44B3BEDB-EAAF-435C-AE63-6523749A9CCC}.Release|Any CPU.Build.0 = Release|Any CPU
		{8B03C509-F324-4BB0-9CD3-C672EFA7494D}.Debug|Any CPU.ActiveCfg = Debug|Any CPU
		{8B03C509-F324-4BB0-9CD3-C672EFA7494D}.Debug|Any CPU.Build.0 = Debug|Any CPU
		{8B03C509-F324-4BB0-9CD3-C672EFA7494D}.Release|Any CPU.ActiveCfg = Release|Any CPU
		{8B03C509-F324-4BB0-9CD3-C672EFA7494D}.Release|Any CPU.Build.0 = Release|Any CPU
	EndGlobalSection
	GlobalSection(SolutionProperties) = preSolution
		HideSolutionNode = FALSE
	EndGlobalSection
	GlobalSection(ExtensibilityGlobals) = postSolution
		SolutionGuid = {B977C488-6ACE-4E8C-B493-DAA1E8CBA0E5}
	EndGlobalSection
EndGlobal
